
Microsoft Visual Studio Solution File, Format Version 12.00
# Visual Studio Version 17
VisualStudioVersion = 17.11.35327.3
MinimumVisualStudioVersion = 10.0.40219.1
Project("{8BC9CEB8-8B4A-11D0-8D11-00A0C91BC942}") = "LB12.4", "LB12.4\LB12.4.vcxproj", "{7A4881E1-F5D3-42CA-8D43-94AC4665308B}"
EndProject
Project("{8BC9CEB8-8B4A-11D0-8D11-00A0C91BC942}") = "UnitTest12.4", "UnitTest12.4\UnitTest12.4.vcxproj", "{566F58EB-C4B1-4B05-B4DF-F0E2F95C8437}"
EndProject
Global
	GlobalSection(SolutionConfigurationPlatforms) = preSolution
		Debug|x64 = Debug|x64
		Debug|x86 = Debug|x86
		Release|x64 = Release|x64
		Release|x86 = Release|x86
	EndGlobalSection
	GlobalSection(ProjectConfigurationPlatforms) = postSolution
		{7A4881E1-F5D3-42CA-8D43-94AC4665308B}.Debug|x64.ActiveCfg = Debug|x64
		{7A4881E1-F5D3-42CA-8D43-94AC4665308B}.Debug|x64.Build.0 = Debug|x64
		{7A4881E1-F5D3-42CA-8D43-94AC4665308B}.Debug|x86.ActiveCfg = Debug|Win32
		{7A4881E1-F5D3-42CA-8D43-94AC4665308B}.Debug|x86.Build.0 = Debug|Win32
		{7A4881E1-F5D3-42CA-8D43-94AC4665308B}.Release|x64.ActiveCfg = Release|x64
		{7A4881E1-F5D3-42CA-8D43-94AC4665308B}.Release|x64.Build.0 = Release|x64
		{7A4881E1-F5D3-42CA-8D43-94AC4665308B}.Release|x86.ActiveCfg = Release|Win32
		{7A4881E1-F5D3-42CA-8D43-94AC4665308B}.Release|x86.Build.0 = Release|Win32
		{566F58EB-C4B1-4B05-B4DF-F0E2F95C8437}.Debug|x64.ActiveCfg = Debug|x64
		{566F58EB-C4B1-4B05-B4DF-F0E2F95C8437}.Debug|x64.Build.0 = Debug|x64
		{566F58EB-C4B1-4B05-B4DF-F0E2F95C8437}.Debug|x86.ActiveCfg = Debug|Win32
		{566F58EB-C4B1-4B05-B4DF-F0E2F95C8437}.Debug|x86.Build.0 = Debug|Win32
		{566F58EB-C4B1-4B05-B4DF-F0E2F95C8437}.Release|x64.ActiveCfg = Release|x64
		{566F58EB-C4B1-4B05-B4DF-F0E2F95C8437}.Release|x64.Build.0 = Release|x64
		{566F58EB-C4B1-4B05-B4DF-F0E2F95C8437}.Release|x86.ActiveCfg = Release|Win32
		{566F58EB-C4B1-4B05-B4DF-F0E2F95C8437}.Release|x86.Build.0 = Release|Win32
	EndGlobalSection
	GlobalSection(SolutionProperties) = preSolution
		HideSolutionNode = FALSE
	EndGlobalSection
	GlobalSection(ExtensibilityGlobals) = postSolution
		SolutionGuid = {C5D0619D-E59E-4FF5-92EB-80983AE4BFFD}
	EndGlobalSection
EndGlobal
